// !$*UTF8*$!
{
	archiveVersion = 1;
	classes = {
	};
	objectVersion = 51;
	objects = {

/* Begin PBXBuildFile section */
		180A4699236BF8DE002B470A /* MapViewModelProtocal.swift in Sources */ = {isa = PBXBuildFile; fileRef = 180A4698236BF8DE002B470A /* MapViewModelProtocal.swift */; };
		181050E6235EB30700C91730 /* AddMyplaceViewController.swift in Sources */ = {isa = PBXBuildFile; fileRef = 181050E5235EB30700C91730 /* AddMyplaceViewController.swift */; };
		181050E8235EB36300C91730 /* AddMyPlaceViewModel.swift in Sources */ = {isa = PBXBuildFile; fileRef = 181050E7235EB36300C91730 /* AddMyPlaceViewModel.swift */; };
		181050EA235EB4C000C91730 /* AddMyPlaceViewCoordintor.swift in Sources */ = {isa = PBXBuildFile; fileRef = 181050E9235EB4C000C91730 /* AddMyPlaceViewCoordintor.swift */; };
		181050EC235ED8B500C91730 /* AddMyPlaceAPIDataProvider.swift in Sources */ = {isa = PBXBuildFile; fileRef = 181050EB235ED8B500C91730 /* AddMyPlaceAPIDataProvider.swift */; };
		181050EE235EED7900C91730 /* AddAPIservice.swift in Sources */ = {isa = PBXBuildFile; fileRef = 181050ED235EED7900C91730 /* AddAPIservice.swift */; };
		1812A01A23701D1300A6DBB2 /* testhouse.jpg in Resources */ = {isa = PBXBuildFile; fileRef = 1812A01923701D1300A6DBB2 /* testhouse.jpg */; };
		1812A01B23701D1300A6DBB2 /* testhouse.jpg in Resources */ = {isa = PBXBuildFile; fileRef = 1812A01923701D1300A6DBB2 /* testhouse.jpg */; };
		1820BEFA235F2CD000967AFE /* MapViewController.swift in Sources */ = {isa = PBXBuildFile; fileRef = 1820BEF9235F2CD000967AFE /* MapViewController.swift */; };
		1820BEFC235F2D4E00967AFE /* MapViewCoordinator.swift in Sources */ = {isa = PBXBuildFile; fileRef = 1820BEFB235F2D4E00967AFE /* MapViewCoordinator.swift */; };
		1820BEFE235F2D9B00967AFE /* MapViewModel.swift in Sources */ = {isa = PBXBuildFile; fileRef = 1820BEFD235F2D9B00967AFE /* MapViewModel.swift */; };
		187C2F6E2363102D0036D5C3 /* ImageuploadViewController.swift in Sources */ = {isa = PBXBuildFile; fileRef = 187C2F6D2363102D0036D5C3 /* ImageuploadViewController.swift */; };
		187C2F702363215F0036D5C3 /* ImageUploadViewModel.swift in Sources */ = {isa = PBXBuildFile; fileRef = 187C2F6F2363215F0036D5C3 /* ImageUploadViewModel.swift */; };
		187C2F7223632B630036D5C3 /* ImageuploadCoordinator.swift in Sources */ = {isa = PBXBuildFile; fileRef = 187C2F7123632B630036D5C3 /* ImageuploadCoordinator.swift */; };
		187C2F742363EB7F0036D5C3 /* ImageuploadDataProvider.swift in Sources */ = {isa = PBXBuildFile; fileRef = 187C2F732363EB7F0036D5C3 /* ImageuploadDataProvider.swift */; };
		187C2F762363F2890036D5C3 /* ImageUploadAPIResource.swift in Sources */ = {isa = PBXBuildFile; fileRef = 187C2F752363F2890036D5C3 /* ImageUploadAPIResource.swift */; };
		188EC32B236F9853003B02B6 /* CreatePlaceWithImageAPIResource.swift in Sources */ = {isa = PBXBuildFile; fileRef = 188EC32A236F9853003B02B6 /* CreatePlaceWithImageAPIResource.swift */; };
		188EC32D236F9CF6003B02B6 /* CreatePlaceWithImage.swift in Sources */ = {isa = PBXBuildFile; fileRef = 188EC32C236F9CF6003B02B6 /* CreatePlaceWithImage.swift */; };
		188EC32F236FBFF8003B02B6 /* ImageLoadProtocal.swift in Sources */ = {isa = PBXBuildFile; fileRef = 188EC32E236FBFF8003B02B6 /* ImageLoadProtocal.swift */; };
		18AB5FA9235AE30300199E0F /* MyPlacesViewModel.swift in Sources */ = {isa = PBXBuildFile; fileRef = 18AB5FA8235AE30300199E0F /* MyPlacesViewModel.swift */; };
		18AB5FAC235AEEF900199E0F /* MyplacesListDataProvider.swift in Sources */ = {isa = PBXBuildFile; fileRef = 18AB5FAB235AEEF900199E0F /* MyplacesListDataProvider.swift */; };
		18AB5FAE235AF97800199E0F /* MyPlacesAPIDataProvider.swift in Sources */ = {isa = PBXBuildFile; fileRef = 18AB5FAD235AF97800199E0F /* MyPlacesAPIDataProvider.swift */; };
		18AB5FB1235B046000199E0F /* APIService.swift in Sources */ = {isa = PBXBuildFile; fileRef = 18AB5FB0235B046000199E0F /* APIService.swift */; };
		18AB5FB4235BA7C400199E0F /* MyPlacesJson.swift in Sources */ = {isa = PBXBuildFile; fileRef = 18AB5FB3235BA7C400199E0F /* MyPlacesJson.swift */; };
		18AB5FB6235C441B00199E0F /* MyPlaceAPIDataProvider.swift in Sources */ = {isa = PBXBuildFile; fileRef = 18AB5FB5235C441B00199E0F /* MyPlaceAPIDataProvider.swift */; };
		18AB5FB9235C9CC700199E0F /* AppCoordinator.swift in Sources */ = {isa = PBXBuildFile; fileRef = 18AB5FB8235C9CC700199E0F /* AppCoordinator.swift */; };
		18AB5FBB235C9D9500199E0F /* PlacesListCoordinator.swift in Sources */ = {isa = PBXBuildFile; fileRef = 18AB5FBA235C9D9500199E0F /* PlacesListCoordinator.swift */; };
		18AB5FBD235C9FD200199E0F /* UIViewControllerExten.swift in Sources */ = {isa = PBXBuildFile; fileRef = 18AB5FBC235C9FD200199E0F /* UIViewControllerExten.swift */; };
		18AB5FBF235CA19F00199E0F /* UIStoryBoardExten.swift in Sources */ = {isa = PBXBuildFile; fileRef = 18AB5FBE235CA19F00199E0F /* UIStoryBoardExten.swift */; };
		18AB5FC1235CBF2C00199E0F /* DetailViewCoordinator.swift in Sources */ = {isa = PBXBuildFile; fileRef = 18AB5FC0235CBF2C00199E0F /* DetailViewCoordinator.swift */; };
		18AB5FC7235CC05600199E0F /* MyPlaceDetailViewController.swift in Sources */ = {isa = PBXBuildFile; fileRef = 18AB5FC6235CC05600199E0F /* MyPlaceDetailViewController.swift */; };
		18AB5FC9235CE40800199E0F /* MyPlaceDetailViewModel.swift in Sources */ = {isa = PBXBuildFile; fileRef = 18AB5FC8235CE40800199E0F /* MyPlaceDetailViewModel.swift */; };
		18AB5FCB235D16D600199E0F /* MyPlaceEditViewCoordinator.swift in Sources */ = {isa = PBXBuildFile; fileRef = 18AB5FCA235D16D600199E0F /* MyPlaceEditViewCoordinator.swift */; };
		18AB5FCD235D174D00199E0F /* MyPlaceEditViewController.swift in Sources */ = {isa = PBXBuildFile; fileRef = 18AB5FCC235D174D00199E0F /* MyPlaceEditViewController.swift */; };
		18AB5FCF235D178800199E0F /* MyplaceEditViewModel.swift in Sources */ = {isa = PBXBuildFile; fileRef = 18AB5FCE235D178800199E0F /* MyplaceEditViewModel.swift */; };
		18AB5FD1235D2CD800199E0F /* EditApiService.swift in Sources */ = {isa = PBXBuildFile; fileRef = 18AB5FD0235D2CD800199E0F /* EditApiService.swift */; };
		18AB5FD3235D89D800199E0F /* MyplaceEditAPIDataProvider.swift in Sources */ = {isa = PBXBuildFile; fileRef = 18AB5FD2235D89D800199E0F /* MyplaceEditAPIDataProvider.swift */; };
		18B690EA235A2B0300738093 /* AppDelegate.swift in Sources */ = {isa = PBXBuildFile; fileRef = 18B690E9235A2B0300738093 /* AppDelegate.swift */; };
		18B690EC235A2B0300738093 /* ViewController.swift in Sources */ = {isa = PBXBuildFile; fileRef = 18B690EB235A2B0300738093 /* ViewController.swift */; };
		18B690EF235A2B0300738093 /* Main.storyboard in Resources */ = {isa = PBXBuildFile; fileRef = 18B690ED235A2B0300738093 /* Main.storyboard */; };
		18B690F2235A2B0300738093 /* YuluDemo.xcdatamodeld in Sources */ = {isa = PBXBuildFile; fileRef = 18B690F0235A2B0300738093 /* YuluDemo.xcdatamodeld */; };
		18B690F4235A2B0400738093 /* Assets.xcassets in Resources */ = {isa = PBXBuildFile; fileRef = 18B690F3235A2B0400738093 /* Assets.xcassets */; };
		18B690F7235A2B0400738093 /* LaunchScreen.storyboard in Resources */ = {isa = PBXBuildFile; fileRef = 18B690F5235A2B0400738093 /* LaunchScreen.storyboard */; };
		18B69102235A2B0500738093 /* YuluDemoTests.swift in Sources */ = {isa = PBXBuildFile; fileRef = 18B69101235A2B0500738093 /* YuluDemoTests.swift */; };
		18B6910D235A2B0500738093 /* YuluDemoUITests.swift in Sources */ = {isa = PBXBuildFile; fileRef = 18B6910C235A2B0500738093 /* YuluDemoUITests.swift */; };
		18B6911C235A2D5600738093 /* MyPlacesViewController.swift in Sources */ = {isa = PBXBuildFile; fileRef = 18B6911B235A2D5600738093 /* MyPlacesViewController.swift */; };
		18B6911E235A401800738093 /* MyPlaceTableViewCell.swift in Sources */ = {isa = PBXBuildFile; fileRef = 18B6911D235A401800738093 /* MyPlaceTableViewCell.swift */; };
		18B69121235A4E4400738093 /* UIViewExtension.swift in Sources */ = {isa = PBXBuildFile; fileRef = 18B69120235A4E4400738093 /* UIViewExtension.swift */; };
		18F35E052368D20200CE71CB /* Media.swift in Sources */ = {isa = PBXBuildFile; fileRef = 18F35E042368D20200CE71CB /* Media.swift */; };
		18F35E072368D59D00CE71CB /* Data.swift in Sources */ = {isa = PBXBuildFile; fileRef = 18F35E062368D59D00CE71CB /* Data.swift */; };
		18F35E092369B0D600CE71CB /* CoreDataManager.swift in Sources */ = {isa = PBXBuildFile; fileRef = 18F35E082369B0D600CE71CB /* CoreDataManager.swift */; };
		359FE3A19D5225F3E808F623 /* Pods_YuluDemo.framework in Frameworks */ = {isa = PBXBuildFile; fileRef = F26334CEE5CEC3BDC18B3162 /* Pods_YuluDemo.framework */; };
		658EEAA69B0D4F47B74527ED /* Pods_YuluDemoUITests.framework in Frameworks */ = {isa = PBXBuildFile; fileRef = 645712B80FDDA8726BC507EE /* Pods_YuluDemoUITests.framework */; };
		F09C01AD0C428C1FDCE7FF2F /* Pods_YuluDemoTests.framework in Frameworks */ = {isa = PBXBuildFile; fileRef = 20509E3F782B532654F25ABD /* Pods_YuluDemoTests.framework */; };
/* End PBXBuildFile section */

/* Begin PBXContainerItemProxy section */
		18B690FE235A2B0500738093 /* PBXContainerItemProxy */ = {
			isa = PBXContainerItemProxy;
			containerPortal = 18B690DE235A2B0300738093 /* Project object */;
			proxyType = 1;
			remoteGlobalIDString = 18B690E5235A2B0300738093;
			remoteInfo = YuluDemo;
		};
		18B69109235A2B0500738093 /* PBXContainerItemProxy */ = {
			isa = PBXContainerItemProxy;
			containerPortal = 18B690DE235A2B0300738093 /* Project object */;
			proxyType = 1;
			remoteGlobalIDString = 18B690E5235A2B0300738093;
			remoteInfo = YuluDemo;
		};
/* End PBXContainerItemProxy section */

/* Begin PBXFileReference section */
		03DD52B425605787967EB4AC /* Pods-YuluDemoUITests.debug.xcconfig */ = {isa = PBXFileReference; includeInIndex = 1; lastKnownFileType = text.xcconfig; name = "Pods-YuluDemoUITests.debug.xcconfig"; path = "Target Support Files/Pods-YuluDemoUITests/Pods-YuluDemoUITests.debug.xcconfig"; sourceTree = "<group>"; };
		180A4698236BF8DE002B470A /* MapViewModelProtocal.swift */ = {isa = PBXFileReference; lastKnownFileType = sourcecode.swift; path = MapViewModelProtocal.swift; sourceTree = "<group>"; };
		181050E5235EB30700C91730 /* AddMyplaceViewController.swift */ = {isa = PBXFileReference; lastKnownFileType = sourcecode.swift; path = AddMyplaceViewController.swift; sourceTree = "<group>"; };
		181050E7235EB36300C91730 /* AddMyPlaceViewModel.swift */ = {isa = PBXFileReference; lastKnownFileType = sourcecode.swift; path = AddMyPlaceViewModel.swift; sourceTree = "<group>"; };
		181050E9235EB4C000C91730 /* AddMyPlaceViewCoordintor.swift */ = {isa = PBXFileReference; lastKnownFileType = sourcecode.swift; path = AddMyPlaceViewCoordintor.swift; sourceTree = "<group>"; };
		181050EB235ED8B500C91730 /* AddMyPlaceAPIDataProvider.swift */ = {isa = PBXFileReference; lastKnownFileType = sourcecode.swift; path = AddMyPlaceAPIDataProvider.swift; sourceTree = "<group>"; };
		181050ED235EED7900C91730 /* AddAPIservice.swift */ = {isa = PBXFileReference; lastKnownFileType = sourcecode.swift; path = AddAPIservice.swift; sourceTree = "<group>"; };
		1812A01923701D1300A6DBB2 /* testhouse.jpg */ = {isa = PBXFileReference; lastKnownFileType = image.jpeg; path = testhouse.jpg; sourceTree = "<group>"; };
		1820BEF9235F2CD000967AFE /* MapViewController.swift */ = {isa = PBXFileReference; lastKnownFileType = sourcecode.swift; path = MapViewController.swift; sourceTree = "<group>"; };
		1820BEFB235F2D4E00967AFE /* MapViewCoordinator.swift */ = {isa = PBXFileReference; lastKnownFileType = sourcecode.swift; path = MapViewCoordinator.swift; sourceTree = "<group>"; };
		1820BEFD235F2D9B00967AFE /* MapViewModel.swift */ = {isa = PBXFileReference; lastKnownFileType = sourcecode.swift; path = MapViewModel.swift; sourceTree = "<group>"; };
		187C2F6D2363102D0036D5C3 /* ImageuploadViewController.swift */ = {isa = PBXFileReference; lastKnownFileType = sourcecode.swift; path = ImageuploadViewController.swift; sourceTree = "<group>"; };
		187C2F6F2363215F0036D5C3 /* ImageUploadViewModel.swift */ = {isa = PBXFileReference; lastKnownFileType = sourcecode.swift; path = ImageUploadViewModel.swift; sourceTree = "<group>"; };
		187C2F7123632B630036D5C3 /* ImageuploadCoordinator.swift */ = {isa = PBXFileReference; lastKnownFileType = sourcecode.swift; path = ImageuploadCoordinator.swift; sourceTree = "<group>"; };
		187C2F732363EB7F0036D5C3 /* ImageuploadDataProvider.swift */ = {isa = PBXFileReference; lastKnownFileType = sourcecode.swift; path = ImageuploadDataProvider.swift; sourceTree = "<group>"; };
		187C2F752363F2890036D5C3 /* ImageUploadAPIResource.swift */ = {isa = PBXFileReference; lastKnownFileType = sourcecode.swift; path = ImageUploadAPIResource.swift; sourceTree = "<group>"; };
		188EC32A236F9853003B02B6 /* CreatePlaceWithImageAPIResource.swift */ = {isa = PBXFileReference; lastKnownFileType = sourcecode.swift; path = CreatePlaceWithImageAPIResource.swift; sourceTree = "<group>"; };
		188EC32C236F9CF6003B02B6 /* CreatePlaceWithImage.swift */ = {isa = PBXFileReference; lastKnownFileType = sourcecode.swift; path = CreatePlaceWithImage.swift; sourceTree = "<group>"; };
		188EC32E236FBFF8003B02B6 /* ImageLoadProtocal.swift */ = {isa = PBXFileReference; lastKnownFileType = sourcecode.swift; path = ImageLoadProtocal.swift; sourceTree = "<group>"; };
		18AB5FA8235AE30300199E0F /* MyPlacesViewModel.swift */ = {isa = PBXFileReference; lastKnownFileType = sourcecode.swift; path = MyPlacesViewModel.swift; sourceTree = "<group>"; };
		18AB5FAB235AEEF900199E0F /* MyplacesListDataProvider.swift */ = {isa = PBXFileReference; lastKnownFileType = sourcecode.swift; path = MyplacesListDataProvider.swift; sourceTree = "<group>"; };
		18AB5FAD235AF97800199E0F /* MyPlacesAPIDataProvider.swift */ = {isa = PBXFileReference; lastKnownFileType = sourcecode.swift; path = MyPlacesAPIDataProvider.swift; sourceTree = "<group>"; };
		18AB5FB0235B046000199E0F /* APIService.swift */ = {isa = PBXFileReference; lastKnownFileType = sourcecode.swift; path = APIService.swift; sourceTree = "<group>"; };
		18AB5FB3235BA7C400199E0F /* MyPlacesJson.swift */ = {isa = PBXFileReference; lastKnownFileType = sourcecode.swift; path = MyPlacesJson.swift; sourceTree = "<group>"; };
		18AB5FB5235C441B00199E0F /* MyPlaceAPIDataProvider.swift */ = {isa = PBXFileReference; lastKnownFileType = sourcecode.swift; path = MyPlaceAPIDataProvider.swift; sourceTree = "<group>"; };
		18AB5FB8235C9CC700199E0F /* AppCoordinator.swift */ = {isa = PBXFileReference; lastKnownFileType = sourcecode.swift; path = AppCoordinator.swift; sourceTree = "<group>"; };
		18AB5FBA235C9D9500199E0F /* PlacesListCoordinator.swift */ = {isa = PBXFileReference; lastKnownFileType = sourcecode.swift; path = PlacesListCoordinator.swift; sourceTree = "<group>"; };
		18AB5FBC235C9FD200199E0F /* UIViewControllerExten.swift */ = {isa = PBXFileReference; lastKnownFileType = sourcecode.swift; path = UIViewControllerExten.swift; sourceTree = "<group>"; };
		18AB5FBE235CA19F00199E0F /* UIStoryBoardExten.swift */ = {isa = PBXFileReference; lastKnownFileType = sourcecode.swift; path = UIStoryBoardExten.swift; sourceTree = "<group>"; };
		18AB5FC0235CBF2C00199E0F /* DetailViewCoordinator.swift */ = {isa = PBXFileReference; lastKnownFileType = sourcecode.swift; path = DetailViewCoordinator.swift; sourceTree = "<group>"; };
		18AB5FC6235CC05600199E0F /* MyPlaceDetailViewController.swift */ = {isa = PBXFileReference; lastKnownFileType = sourcecode.swift; path = MyPlaceDetailViewController.swift; sourceTree = "<group>"; };
		18AB5FC8235CE40800199E0F /* MyPlaceDetailViewModel.swift */ = {isa = PBXFileReference; lastKnownFileType = sourcecode.swift; path = MyPlaceDetailViewModel.swift; sourceTree = "<group>"; };
		18AB5FCA235D16D600199E0F /* MyPlaceEditViewCoordinator.swift */ = {isa = PBXFileReference; lastKnownFileType = sourcecode.swift; path = MyPlaceEditViewCoordinator.swift; sourceTree = "<group>"; };
		18AB5FCC235D174D00199E0F /* MyPlaceEditViewController.swift */ = {isa = PBXFileReference; lastKnownFileType = sourcecode.swift; path = MyPlaceEditViewController.swift; sourceTree = "<group>"; };
		18AB5FCE235D178800199E0F /* MyplaceEditViewModel.swift */ = {isa = PBXFileReference; lastKnownFileType = sourcecode.swift; path = MyplaceEditViewModel.swift; sourceTree = "<group>"; };
		18AB5FD0235D2CD800199E0F /* EditApiService.swift */ = {isa = PBXFileReference; lastKnownFileType = sourcecode.swift; path = EditApiService.swift; sourceTree = "<group>"; };
		18AB5FD2235D89D800199E0F /* MyplaceEditAPIDataProvider.swift */ = {isa = PBXFileReference; lastKnownFileType = sourcecode.swift; path = MyplaceEditAPIDataProvider.swift; sourceTree = "<group>"; };
		18B690E6235A2B0300738093 /* YuluDemo.app */ = {isa = PBXFileReference; explicitFileType = wrapper.application; includeInIndex = 0; path = YuluDemo.app; sourceTree = BUILT_PRODUCTS_DIR; };
		18B690E9235A2B0300738093 /* AppDelegate.swift */ = {isa = PBXFileReference; lastKnownFileType = sourcecode.swift; path = AppDelegate.swift; sourceTree = "<group>"; };
		18B690EB235A2B0300738093 /* ViewController.swift */ = {isa = PBXFileReference; lastKnownFileType = sourcecode.swift; path = ViewController.swift; sourceTree = "<group>"; };
		18B690EE235A2B0300738093 /* Base */ = {isa = PBXFileReference; lastKnownFileType = file.storyboard; name = Base; path = Base.lproj/Main.storyboard; sourceTree = "<group>"; };
		18B690F1235A2B0300738093 /* YuluDemo.xcdatamodel */ = {isa = PBXFileReference; lastKnownFileType = wrapper.xcdatamodel; path = YuluDemo.xcdatamodel; sourceTree = "<group>"; };
		18B690F3235A2B0400738093 /* Assets.xcassets */ = {isa = PBXFileReference; lastKnownFileType = folder.assetcatalog; path = Assets.xcassets; sourceTree = "<group>"; };
		18B690F6235A2B0400738093 /* Base */ = {isa = PBXFileReference; lastKnownFileType = file.storyboard; name = Base; path = Base.lproj/LaunchScreen.storyboard; sourceTree = "<group>"; };
		18B690F8235A2B0400738093 /* Info.plist */ = {isa = PBXFileReference; lastKnownFileType = text.plist.xml; path = Info.plist; sourceTree = "<group>"; };
		18B690FD235A2B0500738093 /* YuluDemoTests.xctest */ = {isa = PBXFileReference; explicitFileType = wrapper.cfbundle; includeInIndex = 0; path = YuluDemoTests.xctest; sourceTree = BUILT_PRODUCTS_DIR; };
		18B69101235A2B0500738093 /* YuluDemoTests.swift */ = {isa = PBXFileReference; lastKnownFileType = sourcecode.swift; path = YuluDemoTests.swift; sourceTree = "<group>"; };
		18B69103235A2B0500738093 /* Info.plist */ = {isa = PBXFileReference; lastKnownFileType = text.plist.xml; path = Info.plist; sourceTree = "<group>"; };
		18B69108235A2B0500738093 /* YuluDemoUITests.xctest */ = {isa = PBXFileReference; explicitFileType = wrapper.cfbundle; includeInIndex = 0; path = YuluDemoUITests.xctest; sourceTree = BUILT_PRODUCTS_DIR; };
		18B6910C235A2B0500738093 /* YuluDemoUITests.swift */ = {isa = PBXFileReference; lastKnownFileType = sourcecode.swift; path = YuluDemoUITests.swift; sourceTree = "<group>"; };
		18B6910E235A2B0500738093 /* Info.plist */ = {isa = PBXFileReference; lastKnownFileType = text.plist.xml; path = Info.plist; sourceTree = "<group>"; };
		18B6911B235A2D5600738093 /* MyPlacesViewController.swift */ = {isa = PBXFileReference; lastKnownFileType = sourcecode.swift; path = MyPlacesViewController.swift; sourceTree = "<group>"; };
		18B6911D235A401800738093 /* MyPlaceTableViewCell.swift */ = {isa = PBXFileReference; lastKnownFileType = sourcecode.swift; path = MyPlaceTableViewCell.swift; sourceTree = "<group>"; };
		18B69120235A4E4400738093 /* UIViewExtension.swift */ = {isa = PBXFileReference; lastKnownFileType = sourcecode.swift; path = UIViewExtension.swift; sourceTree = "<group>"; };
		18F35E042368D20200CE71CB /* Media.swift */ = {isa = PBXFileReference; lastKnownFileType = sourcecode.swift; path = Media.swift; sourceTree = "<group>"; };
		18F35E062368D59D00CE71CB /* Data.swift */ = {isa = PBXFileReference; lastKnownFileType = sourcecode.swift; path = Data.swift; sourceTree = "<group>"; };
		18F35E082369B0D600CE71CB /* CoreDataManager.swift */ = {isa = PBXFileReference; lastKnownFileType = sourcecode.swift; path = CoreDataManager.swift; sourceTree = "<group>"; };
		1AE0B99D2C6CFB2643058C54 /* Pods-YuluDemoTests.debug.xcconfig */ = {isa = PBXFileReference; includeInIndex = 1; lastKnownFileType = text.xcconfig; name = "Pods-YuluDemoTests.debug.xcconfig"; path = "Target Support Files/Pods-YuluDemoTests/Pods-YuluDemoTests.debug.xcconfig"; sourceTree = "<group>"; };
		20509E3F782B532654F25ABD /* Pods_YuluDemoTests.framework */ = {isa = PBXFileReference; explicitFileType = wrapper.framework; includeInIndex = 0; path = Pods_YuluDemoTests.framework; sourceTree = BUILT_PRODUCTS_DIR; };
		209AE2EDFF2DD360CEA40989 /* Pods-YuluDemo.debug.xcconfig */ = {isa = PBXFileReference; includeInIndex = 1; lastKnownFileType = text.xcconfig; name = "Pods-YuluDemo.debug.xcconfig"; path = "Target Support Files/Pods-YuluDemo/Pods-YuluDemo.debug.xcconfig"; sourceTree = "<group>"; };
		30B77324EB0D5653FD7941FB /* Pods-YuluDemoUITests.release.xcconfig */ = {isa = PBXFileReference; includeInIndex = 1; lastKnownFileType = text.xcconfig; name = "Pods-YuluDemoUITests.release.xcconfig"; path = "Target Support Files/Pods-YuluDemoUITests/Pods-YuluDemoUITests.release.xcconfig"; sourceTree = "<group>"; };
		4CA623B04B86A7469615B3D9 /* Pods-YuluDemoTests.release.xcconfig */ = {isa = PBXFileReference; includeInIndex = 1; lastKnownFileType = text.xcconfig; name = "Pods-YuluDemoTests.release.xcconfig"; path = "Target Support Files/Pods-YuluDemoTests/Pods-YuluDemoTests.release.xcconfig"; sourceTree = "<group>"; };
		645712B80FDDA8726BC507EE /* Pods_YuluDemoUITests.framework */ = {isa = PBXFileReference; explicitFileType = wrapper.framework; includeInIndex = 0; path = Pods_YuluDemoUITests.framework; sourceTree = BUILT_PRODUCTS_DIR; };
		A361FE333365B4734111454B /* Pods-YuluDemo.release.xcconfig */ = {isa = PBXFileReference; includeInIndex = 1; lastKnownFileType = text.xcconfig; name = "Pods-YuluDemo.release.xcconfig"; path = "Target Support Files/Pods-YuluDemo/Pods-YuluDemo.release.xcconfig"; sourceTree = "<group>"; };
		F26334CEE5CEC3BDC18B3162 /* Pods_YuluDemo.framework */ = {isa = PBXFileReference; explicitFileType = wrapper.framework; includeInIndex = 0; path = Pods_YuluDemo.framework; sourceTree = BUILT_PRODUCTS_DIR; };
/* End PBXFileReference section */

/* Begin PBXFrameworksBuildPhase section */
		18B690E3235A2B0300738093 /* Frameworks */ = {
			isa = PBXFrameworksBuildPhase;
			buildActionMask = 2147483647;
			files = (
				359FE3A19D5225F3E808F623 /* Pods_YuluDemo.framework in Frameworks */,
			);
			runOnlyForDeploymentPostprocessing = 0;
		};
		18B690FA235A2B0500738093 /* Frameworks */ = {
			isa = PBXFrameworksBuildPhase;
			buildActionMask = 2147483647;
			files = (
				F09C01AD0C428C1FDCE7FF2F /* Pods_YuluDemoTests.framework in Frameworks */,
			);
			runOnlyForDeploymentPostprocessing = 0;
		};
		18B69105235A2B0500738093 /* Frameworks */ = {
			isa = PBXFrameworksBuildPhase;
			buildActionMask = 2147483647;
			files = (
				658EEAA69B0D4F47B74527ED /* Pods_YuluDemoUITests.framework in Frameworks */,
			);
			runOnlyForDeploymentPostprocessing = 0;
		};
/* End PBXFrameworksBuildPhase section */

/* Begin PBXGroup section */
		18AB5FA7235AE29600199E0F /* ViewModel */ = {
			isa = PBXGroup;
			children = (
				18AB5FA8235AE30300199E0F /* MyPlacesViewModel.swift */,
				18AB5FC8235CE40800199E0F /* MyPlaceDetailViewModel.swift */,
				18AB5FCE235D178800199E0F /* MyplaceEditViewModel.swift */,
				181050E7235EB36300C91730 /* AddMyPlaceViewModel.swift */,
				1820BEFD235F2D9B00967AFE /* MapViewModel.swift */,
				180A4698236BF8DE002B470A /* MapViewModelProtocal.swift */,
				188EC32E236FBFF8003B02B6 /* ImageLoadProtocal.swift */,
				187C2F6F2363215F0036D5C3 /* ImageUploadViewModel.swift */,
			);
			path = ViewModel;
			sourceTree = "<group>";
		};
		18AB5FAA235AEEBD00199E0F /* Data */ = {
			isa = PBXGroup;
			children = (
				18AB5FAB235AEEF900199E0F /* MyplacesListDataProvider.swift */,
				18AB5FAD235AF97800199E0F /* MyPlacesAPIDataProvider.swift */,
				18AB5FB5235C441B00199E0F /* MyPlaceAPIDataProvider.swift */,
				18AB5FD2235D89D800199E0F /* MyplaceEditAPIDataProvider.swift */,
				181050EB235ED8B500C91730 /* AddMyPlaceAPIDataProvider.swift */,
				187C2F732363EB7F0036D5C3 /* ImageuploadDataProvider.swift */,
				188EC32C236F9CF6003B02B6 /* CreatePlaceWithImage.swift */,
			);
			path = Data;
			sourceTree = "<group>";
		};
		18AB5FAF235B044500199E0F /* Service */ = {
			isa = PBXGroup;
			children = (
				18AB5FB0235B046000199E0F /* APIService.swift */,
				18AB5FD0235D2CD800199E0F /* EditApiService.swift */,
				181050ED235EED7900C91730 /* AddAPIservice.swift */,
				187C2F752363F2890036D5C3 /* ImageUploadAPIResource.swift */,
				188EC32A236F9853003B02B6 /* CreatePlaceWithImageAPIResource.swift */,
				18F35E082369B0D600CE71CB /* CoreDataManager.swift */,
			);
			path = Service;
			sourceTree = "<group>";
		};
		18AB5FB2235BA78700199E0F /* Model */ = {
			isa = PBXGroup;
			children = (
				18AB5FB3235BA7C400199E0F /* MyPlacesJson.swift */,
				18F35E042368D20200CE71CB /* Media.swift */,
			);
			path = Model;
			sourceTree = "<group>";
		};
		18AB5FB7235C9BA300199E0F /* Coordinator */ = {
			isa = PBXGroup;
			children = (
				18AB5FB8235C9CC700199E0F /* AppCoordinator.swift */,
				18AB5FBA235C9D9500199E0F /* PlacesListCoordinator.swift */,
				18AB5FC0235CBF2C00199E0F /* DetailViewCoordinator.swift */,
				18AB5FCA235D16D600199E0F /* MyPlaceEditViewCoordinator.swift */,
				181050E9235EB4C000C91730 /* AddMyPlaceViewCoordintor.swift */,
				1820BEFB235F2D4E00967AFE /* MapViewCoordinator.swift */,
				187C2F7123632B630036D5C3 /* ImageuploadCoordinator.swift */,
			);
			path = Coordinator;
			sourceTree = "<group>";
		};
		18B690DD235A2B0300738093 = {
			isa = PBXGroup;
			children = (
				18B690E8235A2B0300738093 /* YuluDemo */,
				18B69100235A2B0500738093 /* YuluDemoTests */,
				18B6910B235A2B0500738093 /* YuluDemoUITests */,
				18B690E7235A2B0300738093 /* Products */,
				67F85BF58987820B7D7ABE60 /* Pods */,
				FEF84C98C86B057AD033A987 /* Frameworks */,
			);
			sourceTree = "<group>";
		};
		18B690E7235A2B0300738093 /* Products */ = {
			isa = PBXGroup;
			children = (
				18B690E6235A2B0300738093 /* YuluDemo.app */,
				18B690FD235A2B0500738093 /* YuluDemoTests.xctest */,
				18B69108235A2B0500738093 /* YuluDemoUITests.xctest */,
			);
			name = Products;
			sourceTree = "<group>";
		};
		18B690E8235A2B0300738093 /* YuluDemo */ = {
			isa = PBXGroup;
			children = (
				18B690E9235A2B0300738093 /* AppDelegate.swift */,
				18B690EB235A2B0300738093 /* ViewController.swift */,
				18AB5FB7235C9BA300199E0F /* Coordinator */,
				18AB5FAF235B044500199E0F /* Service */,
				18B6911F235A4E0100738093 /* extension */,
				18AB5FAA235AEEBD00199E0F /* Data */,
				18B6911A235A2C4000738093 /* View */,
				18AB5FB2235BA78700199E0F /* Model */,
				18AB5FA7235AE29600199E0F /* ViewModel */,
				18B690F3235A2B0400738093 /* Assets.xcassets */,
				18B690F5235A2B0400738093 /* LaunchScreen.storyboard */,
				18B690ED235A2B0300738093 /* Main.storyboard */,
				18B690F8235A2B0400738093 /* Info.plist */,
				1812A01923701D1300A6DBB2 /* testhouse.jpg */,
				18B690F0235A2B0300738093 /* YuluDemo.xcdatamodeld */,
			);
			path = YuluDemo;
			sourceTree = "<group>";
		};
		18B69100235A2B0500738093 /* YuluDemoTests */ = {
			isa = PBXGroup;
			children = (
				18B69101235A2B0500738093 /* YuluDemoTests.swift */,
				18B69103235A2B0500738093 /* Info.plist */,
			);
			path = YuluDemoTests;
			sourceTree = "<group>";
		};
		18B6910B235A2B0500738093 /* YuluDemoUITests */ = {
			isa = PBXGroup;
			children = (
				18B6910C235A2B0500738093 /* YuluDemoUITests.swift */,
				18B6910E235A2B0500738093 /* Info.plist */,
			);
			path = YuluDemoUITests;
			sourceTree = "<group>";
		};
		18B6911A235A2C4000738093 /* View */ = {
			isa = PBXGroup;
			children = (
				18B6911B235A2D5600738093 /* MyPlacesViewController.swift */,
				18B6911D235A401800738093 /* MyPlaceTableViewCell.swift */,
				18AB5FC6235CC05600199E0F /* MyPlaceDetailViewController.swift */,
				18AB5FCC235D174D00199E0F /* MyPlaceEditViewController.swift */,
				181050E5235EB30700C91730 /* AddMyplaceViewController.swift */,
				1820BEF9235F2CD000967AFE /* MapViewController.swift */,
				187C2F6D2363102D0036D5C3 /* ImageuploadViewController.swift */,
			);
			path = View;
			sourceTree = "<group>";
		};
		18B6911F235A4E0100738093 /* extension */ = {
			isa = PBXGroup;
			children = (
				18B69120235A4E4400738093 /* UIViewExtension.swift */,
				18AB5FBC235C9FD200199E0F /* UIViewControllerExten.swift */,
				18AB5FBE235CA19F00199E0F /* UIStoryBoardExten.swift */,
				18F35E062368D59D00CE71CB /* Data.swift */,
			);
			path = extension;
			sourceTree = "<group>";
		};
		67F85BF58987820B7D7ABE60 /* Pods */ = {
			isa = PBXGroup;
			children = (
				209AE2EDFF2DD360CEA40989 /* Pods-YuluDemo.debug.xcconfig */,
				A361FE333365B4734111454B /* Pods-YuluDemo.release.xcconfig */,
				1AE0B99D2C6CFB2643058C54 /* Pods-YuluDemoTests.debug.xcconfig */,
				4CA623B04B86A7469615B3D9 /* Pods-YuluDemoTests.release.xcconfig */,
				03DD52B425605787967EB4AC /* Pods-YuluDemoUITests.debug.xcconfig */,
				30B77324EB0D5653FD7941FB /* Pods-YuluDemoUITests.release.xcconfig */,
			);
			path = Pods;
			sourceTree = "<group>";
		};
		FEF84C98C86B057AD033A987 /* Frameworks */ = {
			isa = PBXGroup;
			children = (
				F26334CEE5CEC3BDC18B3162 /* Pods_YuluDemo.framework */,
				20509E3F782B532654F25ABD /* Pods_YuluDemoTests.framework */,
				645712B80FDDA8726BC507EE /* Pods_YuluDemoUITests.framework */,
			);
			name = Frameworks;
			sourceTree = "<group>";
		};
/* End PBXGroup section */

/* Begin PBXNativeTarget section */
		18B690E5235A2B0300738093 /* YuluDemo */ = {
			isa = PBXNativeTarget;
			buildConfigurationList = 18B69111235A2B0500738093 /* Build configuration list for PBXNativeTarget "YuluDemo" */;
			buildPhases = (
				3FE07C42E4A1C46C35E0D71C /* [CP] Check Pods Manifest.lock */,
				18B690E2235A2B0300738093 /* Sources */,
				18B690E3235A2B0300738093 /* Frameworks */,
				18B690E4235A2B0300738093 /* Resources */,
				1C21E7A5ED70FAD96632434F /* [CP] Embed Pods Frameworks */,
				8F32F8E6A3752E1B040C0577 /* [CP] Copy Pods Resources */,
			);
			buildRules = (
			);
			dependencies = (
			);
			name = YuluDemo;
			productName = YuluDemo;
			productReference = 18B690E6235A2B0300738093 /* YuluDemo.app */;
			productType = "com.apple.product-type.application";
		};
		18B690FC235A2B0500738093 /* YuluDemoTests */ = {
			isa = PBXNativeTarget;
			buildConfigurationList = 18B69114235A2B0500738093 /* Build configuration list for PBXNativeTarget "YuluDemoTests" */;
			buildPhases = (
				624A400F205225C83F5C05CD /* [CP] Check Pods Manifest.lock */,
				18B690F9235A2B0500738093 /* Sources */,
				18B690FA235A2B0500738093 /* Frameworks */,
				18B690FB235A2B0500738093 /* Resources */,
			);
			buildRules = (
			);
			dependencies = (
				18B690FF235A2B0500738093 /* PBXTargetDependency */,
			);
			name = YuluDemoTests;
			productName = YuluDemoTests;
			productReference = 18B690FD235A2B0500738093 /* YuluDemoTests.xctest */;
			productType = "com.apple.product-type.bundle.unit-test";
		};
		18B69107235A2B0500738093 /* YuluDemoUITests */ = {
			isa = PBXNativeTarget;
			buildConfigurationList = 18B69117235A2B0500738093 /* Build configuration list for PBXNativeTarget "YuluDemoUITests" */;
			buildPhases = (
				59843864BEFC814A7DF95F28 /* [CP] Check Pods Manifest.lock */,
				18B69104235A2B0500738093 /* Sources */,
				18B69105235A2B0500738093 /* Frameworks */,
				18B69106235A2B0500738093 /* Resources */,
			);
			buildRules = (
			);
			dependencies = (
				18B6910A235A2B0500738093 /* PBXTargetDependency */,
			);
			name = YuluDemoUITests;
			productName = YuluDemoUITests;
			productReference = 18B69108235A2B0500738093 /* YuluDemoUITests.xctest */;
			productType = "com.apple.product-type.bundle.ui-testing";
		};
/* End PBXNativeTarget section */

/* Begin PBXProject section */
		18B690DE235A2B0300738093 /* Project object */ = {
			isa = PBXProject;
			attributes = {
				LastSwiftUpdateCheck = 1030;
				LastUpgradeCheck = 1030;
				ORGANIZATIONNAME = Admin;
				TargetAttributes = {
					18B690E5235A2B0300738093 = {
						CreatedOnToolsVersion = 10.3;
					};
					18B690FC235A2B0500738093 = {
						CreatedOnToolsVersion = 10.3;
						TestTargetID = 18B690E5235A2B0300738093;
					};
					18B69107235A2B0500738093 = {
						CreatedOnToolsVersion = 10.3;
						TestTargetID = 18B690E5235A2B0300738093;
					};
				};
			};
			buildConfigurationList = 18B690E1235A2B0300738093 /* Build configuration list for PBXProject "YuluDemo" */;
			compatibilityVersion = "Xcode 9.3";
			developmentRegion = en;
			hasScannedForEncodings = 0;
			knownRegions = (
				en,
				Base,
			);
			mainGroup = 18B690DD235A2B0300738093;
			productRefGroup = 18B690E7235A2B0300738093 /* Products */;
			projectDirPath = "";
			projectRoot = "";
			targets = (
				18B690E5235A2B0300738093 /* YuluDemo */,
				18B690FC235A2B0500738093 /* YuluDemoTests */,
				18B69107235A2B0500738093 /* YuluDemoUITests */,
			);
		};
/* End PBXProject section */

/* Begin PBXResourcesBuildPhase section */
		18B690E4235A2B0300738093 /* Resources */ = {
			isa = PBXResourcesBuildPhase;
			buildActionMask = 2147483647;
			files = (
				1812A01A23701D1300A6DBB2 /* testhouse.jpg in Resources */,
				18B690F7235A2B0400738093 /* LaunchScreen.storyboard in Resources */,
				18B690F4235A2B0400738093 /* Assets.xcassets in Resources */,
				18B690EF235A2B0300738093 /* Main.storyboard in Resources */,
			);
			runOnlyForDeploymentPostprocessing = 0;
		};
		18B690FB235A2B0500738093 /* Resources */ = {
			isa = PBXResourcesBuildPhase;
			buildActionMask = 2147483647;
			files = (
				1812A01B23701D1300A6DBB2 /* testhouse.jpg in Resources */,
			);
			runOnlyForDeploymentPostprocessing = 0;
		};
		18B69106235A2B0500738093 /* Resources */ = {
			isa = PBXResourcesBuildPhase;
			buildActionMask = 2147483647;
			files = (
			);
			runOnlyForDeploymentPostprocessing = 0;
		};
/* End PBXResourcesBuildPhase section */

/* Begin PBXShellScriptBuildPhase section */
		1C21E7A5ED70FAD96632434F /* [CP] Embed Pods Frameworks */ = {
			isa = PBXShellScriptBuildPhase;
			buildActionMask = 2147483647;
			files = (
			);
			inputFileListPaths = (
				"${PODS_ROOT}/Target Support Files/Pods-YuluDemo/Pods-YuluDemo-frameworks-${CONFIGURATION}-input-files.xcfilelist",
			);
			name = "[CP] Embed Pods Frameworks";
			outputFileListPaths = (
				"${PODS_ROOT}/Target Support Files/Pods-YuluDemo/Pods-YuluDemo-frameworks-${CONFIGURATION}-output-files.xcfilelist",
			);
			runOnlyForDeploymentPostprocessing = 0;
			shellPath = /bin/sh;
			shellScript = "\"${PODS_ROOT}/Target Support Files/Pods-YuluDemo/Pods-YuluDemo-frameworks.sh\"\n";
			showEnvVarsInLog = 0;
		};
		3FE07C42E4A1C46C35E0D71C /* [CP] Check Pods Manifest.lock */ = {
			isa = PBXShellScriptBuildPhase;
			buildActionMask = 2147483647;
			files = (
			);
			inputFileListPaths = (
			);
			inputPaths = (
				"${PODS_PODFILE_DIR_PATH}/Podfile.lock",
				"${PODS_ROOT}/Manifest.lock",
			);
			name = "[CP] Check Pods Manifest.lock";
			outputFileListPaths = (
			);
			outputPaths = (
				"$(DERIVED_FILE_DIR)/Pods-YuluDemo-checkManifestLockResult.txt",
			);
			runOnlyForDeploymentPostprocessing = 0;
			shellPath = /bin/sh;
			shellScript = "diff \"${PODS_PODFILE_DIR_PATH}/Podfile.lock\" \"${PODS_ROOT}/Manifest.lock\" > /dev/null\nif [ $? != 0 ] ; then\n    # print error to STDERR\n    echo \"error: The sandbox is not in sync with the Podfile.lock. Run 'pod install' or update your CocoaPods installation.\" >&2\n    exit 1\nfi\n# This output is used by Xcode 'outputs' to avoid re-running this script phase.\necho \"SUCCESS\" > \"${SCRIPT_OUTPUT_FILE_0}\"\n";
			showEnvVarsInLog = 0;
		};
		59843864BEFC814A7DF95F28 /* [CP] Check Pods Manifest.lock */ = {
			isa = PBXShellScriptBuildPhase;
			buildActionMask = 2147483647;
			files = (
			);
			inputFileListPaths = (
			);
			inputPaths = (
				"${PODS_PODFILE_DIR_PATH}/Podfile.lock",
				"${PODS_ROOT}/Manifest.lock",
			);
			name = "[CP] Check Pods Manifest.lock";
			outputFileListPaths = (
			);
			outputPaths = (
				"$(DERIVED_FILE_DIR)/Pods-YuluDemoUITests-checkManifestLockResult.txt",
			);
			runOnlyForDeploymentPostprocessing = 0;
			shellPath = /bin/sh;
			shellScript = "diff \"${PODS_PODFILE_DIR_PATH}/Podfile.lock\" \"${PODS_ROOT}/Manifest.lock\" > /dev/null\nif [ $? != 0 ] ; then\n    # print error to STDERR\n    echo \"error: The sandbox is not in sync with the Podfile.lock. Run 'pod install' or update your CocoaPods installation.\" >&2\n    exit 1\nfi\n# This output is used by Xcode 'outputs' to avoid re-running this script phase.\necho \"SUCCESS\" > \"${SCRIPT_OUTPUT_FILE_0}\"\n";
			showEnvVarsInLog = 0;
		};
		624A400F205225C83F5C05CD /* [CP] Check Pods Manifest.lock */ = {
			isa = PBXShellScriptBuildPhase;
			buildActionMask = 2147483647;
			files = (
			);
			inputFileListPaths = (
			);
			inputPaths = (
				"${PODS_PODFILE_DIR_PATH}/Podfile.lock",
				"${PODS_ROOT}/Manifest.lock",
			);
			name = "[CP] Check Pods Manifest.lock";
			outputFileListPaths = (
			);
			outputPaths = (
				"$(DERIVED_FILE_DIR)/Pods-YuluDemoTests-checkManifestLockResult.txt",
			);
			runOnlyForDeploymentPostprocessing = 0;
			shellPath = /bin/sh;
			shellScript = "diff \"${PODS_PODFILE_DIR_PATH}/Podfile.lock\" \"${PODS_ROOT}/Manifest.lock\" > /dev/null\nif [ $? != 0 ] ; then\n    # print error to STDERR\n    echo \"error: The sandbox is not in sync with the Podfile.lock. Run 'pod install' or update your CocoaPods installation.\" >&2\n    exit 1\nfi\n# This output is used by Xcode 'outputs' to avoid re-running this script phase.\necho \"SUCCESS\" > \"${SCRIPT_OUTPUT_FILE_0}\"\n";
			showEnvVarsInLog = 0;
		};
		8F32F8E6A3752E1B040C0577 /* [CP] Copy Pods Resources */ = {
			isa = PBXShellScriptBuildPhase;
			buildActionMask = 2147483647;
			files = (
			);
			inputFileListPaths = (
				"${PODS_ROOT}/Target Support Files/Pods-YuluDemo/Pods-YuluDemo-resources-${CONFIGURATION}-input-files.xcfilelist",
			);
			name = "[CP] Copy Pods Resources";
			outputFileListPaths = (
				"${PODS_ROOT}/Target Support Files/Pods-YuluDemo/Pods-YuluDemo-resources-${CONFIGURATION}-output-files.xcfilelist",
			);
			runOnlyForDeploymentPostprocessing = 0;
			shellPath = /bin/sh;
			shellScript = "\"${PODS_ROOT}/Target Support Files/Pods-YuluDemo/Pods-YuluDemo-resources.sh\"\n";
			showEnvVarsInLog = 0;
		};
/* End PBXShellScriptBuildPhase section */

/* Begin PBXSourcesBuildPhase section */
		18B690E2235A2B0300738093 /* Sources */ = {
			isa = PBXSourcesBuildPhase;
			buildActionMask = 2147483647;
			files = (
				18F35E052368D20200CE71CB /* Media.swift in Sources */,
				18AB5FC1235CBF2C00199E0F /* DetailViewCoordinator.swift in Sources */,
				1820BEFC235F2D4E00967AFE /* MapViewCoordinator.swift in Sources */,
				188EC32B236F9853003B02B6 /* CreatePlaceWithImageAPIResource.swift in Sources */,
				18AB5FB4235BA7C400199E0F /* MyPlacesJson.swift in Sources */,
				18AB5FAE235AF97800199E0F /* MyPlacesAPIDataProvider.swift in Sources */,
				18AB5FCD235D174D00199E0F /* MyPlaceEditViewController.swift in Sources */,
				18AB5FBB235C9D9500199E0F /* PlacesListCoordinator.swift in Sources */,
				18AB5FB9235C9CC700199E0F /* AppCoordinator.swift in Sources */,
				188EC32D236F9CF6003B02B6 /* CreatePlaceWithImage.swift in Sources */,
				18AB5FCF235D178800199E0F /* MyplaceEditViewModel.swift in Sources */,
				18AB5FC7235CC05600199E0F /* MyPlaceDetailViewController.swift in Sources */,
				18AB5FAC235AEEF900199E0F /* MyplacesListDataProvider.swift in Sources */,
				188EC32F236FBFF8003B02B6 /* ImageLoadProtocal.swift in Sources */,
				181050EC235ED8B500C91730 /* AddMyPlaceAPIDataProvider.swift in Sources */,
				18B69121235A4E4400738093 /* UIViewExtension.swift in Sources */,
				18B6911C235A2D5600738093 /* MyPlacesViewController.swift in Sources */,
				18AB5FD1235D2CD800199E0F /* EditApiService.swift in Sources */,
				1820BEFA235F2CD000967AFE /* MapViewController.swift in Sources */,
				18AB5FBD235C9FD200199E0F /* UIViewControllerExten.swift in Sources */,
				18AB5FCB235D16D600199E0F /* MyPlaceEditViewCoordinator.swift in Sources */,
				18AB5FA9235AE30300199E0F /* MyPlacesViewModel.swift in Sources */,
				187C2F6E2363102D0036D5C3 /* ImageuploadViewController.swift in Sources */,
				18B690F2235A2B0300738093 /* YuluDemo.xcdatamodeld in Sources */,
				18AB5FB1235B046000199E0F /* APIService.swift in Sources */,
				18AB5FC9235CE40800199E0F /* MyPlaceDetailViewModel.swift in Sources */,
				180A4699236BF8DE002B470A /* MapViewModelProtocal.swift in Sources */,
				181050E8235EB36300C91730 /* AddMyPlaceViewModel.swift in Sources */,
				187C2F702363215F0036D5C3 /* ImageUploadViewModel.swift in Sources */,
				187C2F762363F2890036D5C3 /* ImageUploadAPIResource.swift in Sources */,
				187C2F7223632B630036D5C3 /* ImageuploadCoordinator.swift in Sources */,
				187C2F742363EB7F0036D5C3 /* ImageuploadDataProvider.swift in Sources */,
				18B690EC235A2B0300738093 /* ViewController.swift in Sources */,
				1820BEFE235F2D9B00967AFE /* MapViewModel.swift in Sources */,
				18AB5FB6235C441B00199E0F /* MyPlaceAPIDataProvider.swift in Sources */,
				18AB5FBF235CA19F00199E0F /* UIStoryBoardExten.swift in Sources */,
				181050EE235EED7900C91730 /* AddAPIservice.swift in Sources */,
				18B6911E235A401800738093 /* MyPlaceTableViewCell.swift in Sources */,
				18F35E072368D59D00CE71CB /* Data.swift in Sources */,
				181050E6235EB30700C91730 /* AddMyplaceViewController.swift in Sources */,
				18AB5FD3235D89D800199E0F /* MyplaceEditAPIDataProvider.swift in Sources */,
				181050EA235EB4C000C91730 /* AddMyPlaceViewCoordintor.swift in Sources */,
				18F35E092369B0D600CE71CB /* CoreDataManager.swift in Sources */,
				18B690EA235A2B0300738093 /* AppDelegate.swift in Sources */,
			);
			runOnlyForDeploymentPostprocessing = 0;
		};
		18B690F9235A2B0500738093 /* Sources */ = {
			isa = PBXSourcesBuildPhase;
			buildActionMask = 2147483647;
			files = (
				18B69102235A2B0500738093 /* YuluDemoTests.swift in Sources */,
			);
			runOnlyForDeploymentPostprocessing = 0;
		};
		18B69104235A2B0500738093 /* Sources */ = {
			isa = PBXSourcesBuildPhase;
			buildActionMask = 2147483647;
			files = (
				18B6910D235A2B0500738093 /* YuluDemoUITests.swift in Sources */,
			);
			runOnlyForDeploymentPostprocessing = 0;
		};
/* End PBXSourcesBuildPhase section */

/* Begin PBXTargetDependency section */
		18B690FF235A2B0500738093 /* PBXTargetDependency */ = {
			isa = PBXTargetDependency;
			target = 18B690E5235A2B0300738093 /* YuluDemo */;
			targetProxy = 18B690FE235A2B0500738093 /* PBXContainerItemProxy */;
		};
		18B6910A235A2B0500738093 /* PBXTargetDependency */ = {
			isa = PBXTargetDependency;
			target = 18B690E5235A2B0300738093 /* YuluDemo */;
			targetProxy = 18B69109235A2B0500738093 /* PBXContainerItemProxy */;
		};
/* End PBXTargetDependency section */

/* Begin PBXVariantGroup section */
		18B690ED235A2B0300738093 /* Main.storyboard */ = {
			isa = PBXVariantGroup;
			children = (
				18B690EE235A2B0300738093 /* Base */,
			);
			name = Main.storyboard;
			sourceTree = "<group>";
		};
		18B690F5235A2B0400738093 /* LaunchScreen.storyboard */ = {
			isa = PBXVariantGroup;
			children = (
				18B690F6235A2B0400738093 /* Base */,
			);
			name = LaunchScreen.storyboard;
			sourceTree = "<group>";
		};
/* End PBXVariantGroup section */

/* Begin XCBuildConfiguration section */
		18B6910F235A2B0500738093 /* Debug */ = {
			isa = XCBuildConfiguration;
			buildSettings = {
				ALWAYS_SEARCH_USER_PATHS = NO;
				CLANG_ANALYZER_NONNULL = YES;
				CLANG_ANALYZER_NUMBER_OBJECT_CONVERSION = YES_AGGRESSIVE;
				CLANG_CXX_LANGUAGE_STANDARD = "gnu++14";
				CLANG_CXX_LIBRARY = "libc++";
				CLANG_ENABLE_MODULES = YES;
				CLANG_ENABLE_OBJC_ARC = YES;
				CLANG_ENABLE_OBJC_WEAK = YES;
				CLANG_WARN_BLOCK_CAPTURE_AUTORELEASING = YES;
				CLANG_WARN_BOOL_CONVERSION = YES;
				CLANG_WARN_COMMA = YES;
				CLANG_WARN_CONSTANT_CONVERSION = YES;
				CLANG_WARN_DEPRECATED_OBJC_IMPLEMENTATIONS = YES;
				CLANG_WARN_DIRECT_OBJC_ISA_USAGE = YES_ERROR;
				CLANG_WARN_DOCUMENTATION_COMMENTS = YES;
				CLANG_WARN_EMPTY_BODY = YES;
				CLANG_WARN_ENUM_CONVERSION = YES;
				CLANG_WARN_INFINITE_RECURSION = YES;
				CLANG_WARN_INT_CONVERSION = YES;
				CLANG_WARN_NON_LITERAL_NULL_CONVERSION = YES;
				CLANG_WARN_OBJC_IMPLICIT_RETAIN_SELF = YES;
				CLANG_WARN_OBJC_LITERAL_CONVERSION = YES;
				CLANG_WARN_OBJC_ROOT_CLASS = YES_ERROR;
				CLANG_WARN_RANGE_LOOP_ANALYSIS = YES;
				CLANG_WARN_STRICT_PROTOTYPES = YES;
				CLANG_WARN_SUSPICIOUS_MOVE = YES;
				CLANG_WARN_UNGUARDED_AVAILABILITY = YES_AGGRESSIVE;
				CLANG_WARN_UNREACHABLE_CODE = YES;
				CLANG_WARN__DUPLICATE_METHOD_MATCH = YES;
				CODE_SIGN_IDENTITY = "iPhone Developer";
				COPY_PHASE_STRIP = NO;
				DEBUG_INFORMATION_FORMAT = dwarf;
				ENABLE_STRICT_OBJC_MSGSEND = YES;
				ENABLE_TESTABILITY = YES;
				GCC_C_LANGUAGE_STANDARD = gnu11;
				GCC_DYNAMIC_NO_PIC = NO;
				GCC_NO_COMMON_BLOCKS = YES;
				GCC_OPTIMIZATION_LEVEL = 0;
				GCC_PREPROCESSOR_DEFINITIONS = (
					"DEBUG=1",
					"$(inherited)",
				);
				GCC_WARN_64_TO_32_BIT_CONVERSION = YES;
				GCC_WARN_ABOUT_RETURN_TYPE = YES_ERROR;
				GCC_WARN_UNDECLARED_SELECTOR = YES;
				GCC_WARN_UNINITIALIZED_AUTOS = YES_AGGRESSIVE;
				GCC_WARN_UNUSED_FUNCTION = YES;
				GCC_WARN_UNUSED_VARIABLE = YES;
				IPHONEOS_DEPLOYMENT_TARGET = 12.4;
				MTL_ENABLE_DEBUG_INFO = INCLUDE_SOURCE;
				MTL_FAST_MATH = YES;
				ONLY_ACTIVE_ARCH = YES;
				SDKROOT = iphoneos;
				SWIFT_ACTIVE_COMPILATION_CONDITIONS = DEBUG;
				SWIFT_OPTIMIZATION_LEVEL = "-Onone";
			};
			name = Debug;
		};
		18B69110235A2B0500738093 /* Release */ = {
			isa = XCBuildConfiguration;
			buildSettings = {
				ALWAYS_SEARCH_USER_PATHS = NO;
				CLANG_ANALYZER_NONNULL = YES;
				CLANG_ANALYZER_NUMBER_OBJECT_CONVERSION = YES_AGGRESSIVE;
				CLANG_CXX_LANGUAGE_STANDARD = "gnu++14";
				CLANG_CXX_LIBRARY = "libc++";
				CLANG_ENABLE_MODULES = YES;
				CLANG_ENABLE_OBJC_ARC = YES;
				CLANG_ENABLE_OBJC_WEAK = YES;
				CLANG_WARN_BLOCK_CAPTURE_AUTORELEASING = YES;
				CLANG_WARN_BOOL_CONVERSION = YES;
				CLANG_WARN_COMMA = YES;
				CLANG_WARN_CONSTANT_CONVERSION = YES;
				CLANG_WARN_DEPRECATED_OBJC_IMPLEMENTATIONS = YES;
				CLANG_WARN_DIRECT_OBJC_ISA_USAGE = YES_ERROR;
				CLANG_WARN_DOCUMENTATION_COMMENTS = YES;
				CLANG_WARN_EMPTY_BODY = YES;
				CLANG_WARN_ENUM_CONVERSION = YES;
				CLANG_WARN_INFINITE_RECURSION = YES;
				CLANG_WARN_INT_CONVERSION = YES;
				CLANG_WARN_NON_LITERAL_NULL_CONVERSION = YES;
				CLANG_WARN_OBJC_IMPLICIT_RETAIN_SELF = YES;
				CLANG_WARN_OBJC_LITERAL_CONVERSION = YES;
				CLANG_WARN_OBJC_ROOT_CLASS = YES_ERROR;
				CLANG_WARN_RANGE_LOOP_ANALYSIS = YES;
				CLANG_WARN_STRICT_PROTOTYPES = YES;
				CLANG_WARN_SUSPICIOUS_MOVE = YES;
				CLANG_WARN_UNGUARDED_AVAILABILITY = YES_AGGRESSIVE;
				CLANG_WARN_UNREACHABLE_CODE = YES;
				CLANG_WARN__DUPLICATE_METHOD_MATCH = YES;
				CODE_SIGN_IDENTITY = "iPhone Developer";
				COPY_PHASE_STRIP = NO;
				DEBUG_INFORMATION_FORMAT = "dwarf-with-dsym";
				ENABLE_NS_ASSERTIONS = NO;
				ENABLE_STRICT_OBJC_MSGSEND = YES;
				GCC_C_LANGUAGE_STANDARD = gnu11;
				GCC_NO_COMMON_BLOCKS = YES;
				GCC_WARN_64_TO_32_BIT_CONVERSION = YES;
				GCC_WARN_ABOUT_RETURN_TYPE = YES_ERROR;
				GCC_WARN_UNDECLARED_SELECTOR = YES;
				GCC_WARN_UNINITIALIZED_AUTOS = YES_AGGRESSIVE;
				GCC_WARN_UNUSED_FUNCTION = YES;
				GCC_WARN_UNUSED_VARIABLE = YES;
				IPHONEOS_DEPLOYMENT_TARGET = 12.4;
				MTL_ENABLE_DEBUG_INFO = NO;
				MTL_FAST_MATH = YES;
				SDKROOT = iphoneos;
				SWIFT_COMPILATION_MODE = wholemodule;
				SWIFT_OPTIMIZATION_LEVEL = "-O";
				VALIDATE_PRODUCT = YES;
			};
			name = Release;
		};
		18B69112235A2B0500738093 /* Debug */ = {
			isa = XCBuildConfiguration;
			baseConfigurationReference = 209AE2EDFF2DD360CEA40989 /* Pods-YuluDemo.debug.xcconfig */;
			buildSettings = {
				ASSETCATALOG_COMPILER_APPICON_NAME = AppIcon;
				CODE_SIGN_STYLE = Automatic;
				INFOPLIST_FILE = YuluDemo/Info.plist;
				LD_RUNPATH_SEARCH_PATHS = (
					"$(inherited)",
					"@executable_path/Frameworks",
				);
				PRODUCT_BUNDLE_IDENTIFIER = Demo.YuluDemo;
				PRODUCT_NAME = "$(TARGET_NAME)";
				SWIFT_VERSION = 5.0;
				TARGETED_DEVICE_FAMILY = "1,2";
			};
			name = Debug;
		};
		18B69113235A2B0500738093 /* Release */ = {
			isa = XCBuildConfiguration;
			baseConfigurationReference = A361FE333365B4734111454B /* Pods-YuluDemo.release.xcconfig */;
			buildSettings = {
				ASSETCATALOG_COMPILER_APPICON_NAME = AppIcon;
				CODE_SIGN_STYLE = Automatic;
				INFOPLIST_FILE = YuluDemo/Info.plist;
				LD_RUNPATH_SEARCH_PATHS = (
					"$(inherited)",
					"@executable_path/Frameworks",
				);
				PRODUCT_BUNDLE_IDENTIFIER = Demo.YuluDemo;
				PRODUCT_NAME = "$(TARGET_NAME)";
				SWIFT_VERSION = 5.0;
				TARGETED_DEVICE_FAMILY = "1,2";
			};
			name = Release;
		};
		18B69115235A2B0500738093 /* Debug */ = {
			isa = XCBuildConfiguration;
			baseConfigurationReference = 1AE0B99D2C6CFB2643058C54 /* Pods-YuluDemoTests.debug.xcconfig */;
			buildSettings = {
				ALWAYS_EMBED_SWIFT_STANDARD_LIBRARIES = YES;
				BUNDLE_LOADER = "$(TEST_HOST)";
				CODE_SIGN_STYLE = Automatic;
				INFOPLIST_FILE = YuluDemoTests/Info.plist;
				LD_RUNPATH_SEARCH_PATHS = (
					"$(inherited)",
					"@executable_path/Frameworks",
					"@loader_path/Frameworks",
				);
				PRODUCT_BUNDLE_IDENTIFIER = Demo.YuluDemoTests;
				PRODUCT_NAME = "$(TARGET_NAME)";
				SWIFT_VERSION = 5.0;
				TARGETED_DEVICE_FAMILY = "1,2";
				TEST_HOST = "$(BUILT_PRODUCTS_DIR)/YuluDemo.app/YuluDemo";
			};
			name = Debug;
		};
		18B69116235A2B0500738093 /* Release */ = {
			isa = XCBuildConfiguration;
			baseConfigurationReference = 4CA623B04B86A7469615B3D9 /* Pods-YuluDemoTests.release.xcconfig */;
			buildSettings = {
				ALWAYS_EMBED_SWIFT_STANDARD_LIBRARIES = YES;
				BUNDLE_LOADER = "$(TEST_HOST)";
				CODE_SIGN_STYLE = Automatic;
				INFOPLIST_FILE = YuluDemoTests/Info.plist;
				LD_RUNPATH_SEARCH_PATHS = (
					"$(inherited)",
					"@executable_path/Frameworks",
					"@loader_path/Frameworks",
				);
				PRODUCT_BUNDLE_IDENTIFIER = Demo.YuluDemoTests;
				PRODUCT_NAME = "$(TARGET_NAME)";
				SWIFT_VERSION = 5.0;
				TARGETED_DEVICE_FAMILY = "1,2";
				TEST_HOST = "$(BUILT_PRODUCTS_DIR)/YuluDemo.app/YuluDemo";
			};
			name = Release;
		};
		18B69118235A2B0500738093 /* Debug */ = {
			isa = XCBuildConfiguration;
			baseConfigurationReference = 03DD52B425605787967EB4AC /* Pods-YuluDemoUITests.debug.xcconfig */;
			buildSettings = {
				ALWAYS_EMBED_SWIFT_STANDARD_LIBRARIES = YES;
				CODE_SIGN_STYLE = Automatic;
				INFOPLIST_FILE = YuluDemoUITests/Info.plist;
				LD_RUNPATH_SEARCH_PATHS = (
					"$(inherited)",
					"@executable_path/Frameworks",
					"@loader_path/Frameworks",
				);
				PRODUCT_BUNDLE_IDENTIFIER = Demo.YuluDemoUITests;
				PRODUCT_NAME = "$(TARGET_NAME)";
				SWIFT_VERSION = 5.0;
				TARGETED_DEVICE_FAMILY = "1,2";
				TEST_TARGET_NAME = YuluDemo;
			};
			name = Debug;
		};
		18B69119235A2B0500738093 /* Release */ = {
			isa = XCBuildConfiguration;
			baseConfigurationReference = 30B77324EB0D5653FD7941FB /* Pods-YuluDemoUITests.release.xcconfig */;
			buildSettings = {
				ALWAYS_EMBED_SWIFT_STANDARD_LIBRARIES = YES;
				CODE_SIGN_STYLE = Automatic;
				INFOPLIST_FILE = YuluDemoUITests/Info.plist;
				LD_RUNPATH_SEARCH_PATHS = (
					"$(inherited)",
					"@executable_path/Frameworks",
					"@loader_path/Frameworks",
				);
				PRODUCT_BUNDLE_IDENTIFIER = Demo.YuluDemoUITests;
				PRODUCT_NAME = "$(TARGET_NAME)";
				SWIFT_VERSION = 5.0;
				TARGETED_DEVICE_FAMILY = "1,2";
				TEST_TARGET_NAME = YuluDemo;
			};
			name = Release;
		};
/* End XCBuildConfiguration section */

/* Begin XCConfigurationList section */
		18B690E1235A2B0300738093 /* Build configuration list for PBXProject "YuluDemo" */ = {
			isa = XCConfigurationList;
			buildConfigurations = (
				18B6910F235A2B0500738093 /* Debug */,
				18B69110235A2B0500738093 /* Release */,
			);
			defaultConfigurationIsVisible = 0;
			defaultConfigurationName = Release;
		};
		18B69111235A2B0500738093 /* Build configuration list for PBXNativeTarget "YuluDemo" */ = {
			isa = XCConfigurationList;
			buildConfigurations = (
				18B69112235A2B0500738093 /* Debug */,
				18B69113235A2B0500738093 /* Release */,
			);
			defaultConfigurationIsVisible = 0;
			defaultConfigurationName = Release;
		};
		18B69114235A2B0500738093 /* Build configuration list for PBXNativeTarget "YuluDemoTests" */ = {
			isa = XCConfigurationList;
			buildConfigurations = (
				18B69115235A2B0500738093 /* Debug */,
				18B69116235A2B0500738093 /* Release */,
			);
			defaultConfigurationIsVisible = 0;
			defaultConfigurationName = Release;
		};
		18B69117235A2B0500738093 /* Build configuration list for PBXNativeTarget "YuluDemoUITests" */ = {
			isa = XCConfigurationList;
			buildConfigurations = (
				18B69118235A2B0500738093 /* Debug */,
				18B69119235A2B0500738093 /* Release */,
			);
			defaultConfigurationIsVisible = 0;
			defaultConfigurationName = Release;
		};
/* End XCConfigurationList section */

/* Begin XCVersionGroup section */
		18B690F0235A2B0300738093 /* YuluDemo.xcdatamodeld */ = {
			isa = XCVersionGroup;
			children = (
				18B690F1235A2B0300738093 /* YuluDemo.xcdatamodel */,
			);
			currentVersion = 18B690F1235A2B0300738093 /* YuluDemo.xcdatamodel */;
			path = YuluDemo.xcdatamodeld;
			sourceTree = "<group>";
			versionGroupType = wrapper.xcdatamodel;
		};
/* End XCVersionGroup section */
	};
	rootObject = 18B690DE235A2B0300738093 /* Project object */;
}
